// !$*UTF8*$!
{
	archiveVersion = 1;
	classes = {
	};
	objectVersion = 50;
	objects = {

/* Begin PBXBuildFile section */
		8D32B9992200BFC900B46CAB /* libgmp.a in Frameworks */ = {isa = PBXBuildFile; fileRef = 8D32B9932200BFC800B46CAB /* libgmp.a */; };
		8D32B99A2200BFC900B46CAB /* libgmpxx.a in Frameworks */ = {isa = PBXBuildFile; fileRef = 8D32B9942200BFC800B46CAB /* libgmpxx.a */; };
		8D32B99B2200BFC900B46CAB /* libgmpxx.dylib in Frameworks */ = {isa = PBXBuildFile; fileRef = 8D32B9952200BFC800B46CAB /* libgmpxx.dylib */; };
		8D32B99C2200BFC900B46CAB /* libgmp.dylib in Frameworks */ = {isa = PBXBuildFile; fileRef = 8D32B9962200BFC800B46CAB /* libgmp.dylib */; };
		8D32B99D2200BFC900B46CAB /* libgmpxx.4.dylib in Frameworks */ = {isa = PBXBuildFile; fileRef = 8D32B9972200BFC800B46CAB /* libgmpxx.4.dylib */; };
		8D32B99E2200BFC900B46CAB /* libgmp.10.dylib in Frameworks */ = {isa = PBXBuildFile; fileRef = 8D32B9982200BFC900B46CAB /* libgmp.10.dylib */; };
		8D32B9A42201E69100B46CAB /* Factory.cpp in Sources */ = {isa = PBXBuildFile; fileRef = 8D32B9A22201E69100B46CAB /* Factory.cpp */; };
		8DB9E715228C084A00D6E22B /* prover2.cpp in Sources */ = {isa = PBXBuildFile; fileRef = 8DB9E713228C084A00D6E22B /* prover2.cpp */; };
		8DB9E718228C086700D6E22B /* verifier2.cpp in Sources */ = {isa = PBXBuildFile; fileRef = 8DB9E716228C086700D6E22B /* verifier2.cpp */; };
		8DD7205B2267A9A300DCAFFE /* server.cpp in Sources */ = {isa = PBXBuildFile; fileRef = 8DD7205A2267A9A300DCAFFE /* server.cpp */; };
		8DD7205D2267A9B500DCAFFE /* client.cpp in Sources */ = {isa = PBXBuildFile; fileRef = 8DD7205C2267A9B500DCAFFE /* client.cpp */; };
		8DD720602271F78A00DCAFFE /* bbs.cpp in Sources */ = {isa = PBXBuildFile; fileRef = 8DD7205F2271F78A00DCAFFE /* bbs.cpp */; };
		8DD7206822833A5500DCAFFE /* tc.cpp in Sources */ = {isa = PBXBuildFile; fileRef = 8DD7206622833A5500DCAFFE /* tc.cpp */; };
		8DF5EC0821F93D2E00A9773E /* main.cpp in Sources */ = {isa = PBXBuildFile; fileRef = 8DF5EC0721F93D2E00A9773E /* main.cpp */; };
/* End PBXBuildFile section */

/* Begin PBXCopyFilesBuildPhase section */
		8DF5EC0221F93D2E00A9773E /* CopyFiles */ = {
			isa = PBXCopyFilesBuildPhase;
			buildActionMask = 2147483647;
			dstPath = /usr/share/man/man1/;
			dstSubfolderSpec = 0;
			files = (
			);
			runOnlyForDeploymentPostprocessing = 1;
		};
/* End PBXCopyFilesBuildPhase section */

/* Begin PBXFileReference section */
		8D32B9932200BFC800B46CAB /* libgmp.a */ = {isa = PBXFileReference; lastKnownFileType = archive.ar; name = libgmp.a; path = ../../../../usr/local/Cellar/gmp/6.1.2_2/lib/libgmp.a; sourceTree = "<group>"; };
		8D32B9942200BFC800B46CAB /* libgmpxx.a */ = {isa = PBXFileReference; lastKnownFileType = archive.ar; name = libgmpxx.a; path = ../../../../usr/local/Cellar/gmp/6.1.2_2/lib/libgmpxx.a; sourceTree = "<group>"; };
		8D32B9952200BFC800B46CAB /* libgmpxx.dylib */ = {isa = PBXFileReference; lastKnownFileType = "compiled.mach-o.dylib"; name = libgmpxx.dylib; path = ../../../../usr/local/Cellar/gmp/6.1.2_2/lib/libgmpxx.dylib; sourceTree = "<group>"; };
		8D32B9962200BFC800B46CAB /* libgmp.dylib */ = {isa = PBXFileReference; lastKnownFileType = "compiled.mach-o.dylib"; name = libgmp.dylib; path = ../../../../usr/local/Cellar/gmp/6.1.2_2/lib/libgmp.dylib; sourceTree = "<group>"; };
		8D32B9972200BFC800B46CAB /* libgmpxx.4.dylib */ = {isa = PBXFileReference; lastKnownFileType = "compiled.mach-o.dylib"; name = libgmpxx.4.dylib; path = ../../../../usr/local/Cellar/gmp/6.1.2_2/lib/libgmpxx.4.dylib; sourceTree = "<group>"; };
		8D32B9982200BFC900B46CAB /* libgmp.10.dylib */ = {isa = PBXFileReference; lastKnownFileType = "compiled.mach-o.dylib"; name = libgmp.10.dylib; path = ../../../../usr/local/Cellar/gmp/6.1.2_2/lib/libgmp.10.dylib; sourceTree = "<group>"; };
		8D32B9A22201E69100B46CAB /* Factory.cpp */ = {isa = PBXFileReference; lastKnownFileType = sourcecode.cpp.cpp; path = Factory.cpp; sourceTree = "<group>"; };
		8D32B9A32201E69100B46CAB /* Factory.hpp */ = {isa = PBXFileReference; lastKnownFileType = sourcecode.cpp.h; path = Factory.hpp; sourceTree = "<group>"; };
		8DB9E713228C084A00D6E22B /* prover2.cpp */ = {isa = PBXFileReference; lastKnownFileType = sourcecode.cpp.cpp; path = prover2.cpp; sourceTree = "<group>"; };
		8DB9E714228C084A00D6E22B /* prover2.hpp */ = {isa = PBXFileReference; lastKnownFileType = sourcecode.cpp.h; path = prover2.hpp; sourceTree = "<group>"; };
		8DB9E716228C086700D6E22B /* verifier2.cpp */ = {isa = PBXFileReference; lastKnownFileType = sourcecode.cpp.cpp; path = verifier2.cpp; sourceTree = "<group>"; };
		8DB9E717228C086700D6E22B /* verifier2.hpp */ = {isa = PBXFileReference; lastKnownFileType = sourcecode.cpp.h; path = verifier2.hpp; sourceTree = "<group>"; };
		8DD7205A2267A9A300DCAFFE /* server.cpp */ = {isa = PBXFileReference; lastKnownFileType = sourcecode.cpp.cpp; path = server.cpp; sourceTree = "<group>"; };
		8DD7205C2267A9B500DCAFFE /* client.cpp */ = {isa = PBXFileReference; lastKnownFileType = sourcecode.cpp.cpp; path = client.cpp; sourceTree = "<group>"; };
		8DD7205E2271F68100DCAFFE /* bbs.hpp */ = {isa = PBXFileReference; lastKnownFileType = sourcecode.cpp.h; path = bbs.hpp; sourceTree = "<group>"; };
		8DD7205F2271F78A00DCAFFE /* bbs.cpp */ = {isa = PBXFileReference; lastKnownFileType = sourcecode.cpp.cpp; path = bbs.cpp; sourceTree = "<group>"; };
		8DD7206622833A5500DCAFFE /* tc.cpp */ = {isa = PBXFileReference; lastKnownFileType = sourcecode.cpp.cpp; path = tc.cpp; sourceTree = "<group>"; };
		8DD7206722833A5500DCAFFE /* tc.hpp */ = {isa = PBXFileReference; lastKnownFileType = sourcecode.cpp.h; path = tc.hpp; sourceTree = "<group>"; };
		8DF5EC0421F93D2E00A9773E /* MentalCards */ = {isa = PBXFileReference; explicitFileType = "compiled.mach-o.executable"; includeInIndex = 0; path = MentalCards; sourceTree = BUILT_PRODUCTS_DIR; };
		8DF5EC0721F93D2E00A9773E /* main.cpp */ = {isa = PBXFileReference; lastKnownFileType = sourcecode.cpp.cpp; path = main.cpp; sourceTree = "<group>"; };
/* End PBXFileReference section */

/* Begin PBXFrameworksBuildPhase section */
		8DF5EC0121F93D2E00A9773E /* Frameworks */ = {
			isa = PBXFrameworksBuildPhase;
			buildActionMask = 2147483647;
			files = (
				8D32B9992200BFC900B46CAB /* libgmp.a in Frameworks */,
				8D32B99A2200BFC900B46CAB /* libgmpxx.a in Frameworks */,
				8D32B99B2200BFC900B46CAB /* libgmpxx.dylib in Frameworks */,
				8D32B99C2200BFC900B46CAB /* libgmp.dylib in Frameworks */,
				8D32B99D2200BFC900B46CAB /* libgmpxx.4.dylib in Frameworks */,
				8D32B99E2200BFC900B46CAB /* libgmp.10.dylib in Frameworks */,
			);
			runOnlyForDeploymentPostprocessing = 0;
		};
/* End PBXFrameworksBuildPhase section */

/* Begin PBXGroup section */
		8D32B9922200BFC800B46CAB /* Frameworks */ = {
			isa = PBXGroup;
			children = (
				8D32B9982200BFC900B46CAB /* libgmp.10.dylib */,
				8D32B9932200BFC800B46CAB /* libgmp.a */,
				8D32B9962200BFC800B46CAB /* libgmp.dylib */,
				8D32B9972200BFC800B46CAB /* libgmpxx.4.dylib */,
				8D32B9942200BFC800B46CAB /* libgmpxx.a */,
				8D32B9952200BFC800B46CAB /* libgmpxx.dylib */,
			);
			name = Frameworks;
			sourceTree = "<group>";
		};
		8DB9E712228C080100D6E22B /* Protocol */ = {
			isa = PBXGroup;
			children = (
				8DB9E713228C084A00D6E22B /* prover2.cpp */,
				8DB9E714228C084A00D6E22B /* prover2.hpp */,
				8DB9E716228C086700D6E22B /* verifier2.cpp */,
				8DB9E717228C086700D6E22B /* verifier2.hpp */,
			);
			path = Protocol;
			sourceTree = "<group>";
		};
		8DF5EBFB21F93D2E00A9773E = {
			isa = PBXGroup;
			children = (
				8DF5EC0621F93D2E00A9773E /* MentalCards */,
				8DF5EC0521F93D2E00A9773E /* Products */,
				8D32B9922200BFC800B46CAB /* Frameworks */,
			);
			sourceTree = "<group>";
		};
		8DF5EC0521F93D2E00A9773E /* Products */ = {
			isa = PBXGroup;
			children = (
				8DF5EC0421F93D2E00A9773E /* MentalCards */,
			);
			name = Products;
			sourceTree = "<group>";
		};
		8DF5EC0621F93D2E00A9773E /* MentalCards */ = {
			isa = PBXGroup;
			children = (
				8DB9E712228C080100D6E22B /* Protocol */,
				8DD7205E2271F68100DCAFFE /* bbs.hpp */,
				8DD7205F2271F78A00DCAFFE /* bbs.cpp */,
				8DD7206622833A5500DCAFFE /* tc.cpp */,
				8DD7206722833A5500DCAFFE /* tc.hpp */,
				8DF5EC0721F93D2E00A9773E /* main.cpp */,
				8D32B9A22201E69100B46CAB /* Factory.cpp */,
				8D32B9A32201E69100B46CAB /* Factory.hpp */,
				8DD7205A2267A9A300DCAFFE /* server.cpp */,
				8DD7205C2267A9B500DCAFFE /* client.cpp */,
			);
			path = MentalCards;
			sourceTree = "<group>";
		};
/* End PBXGroup section */

/* Begin PBXNativeTarget section */
		8DF5EC0321F93D2E00A9773E /* MentalCards */ = {
			isa = PBXNativeTarget;
			buildConfigurationList = 8DF5EC0B21F93D2E00A9773E /* Build configuration list for PBXNativeTarget "MentalCards" */;
			buildPhases = (
				8DF5EC0021F93D2E00A9773E /* Sources */,
				8DF5EC0121F93D2E00A9773E /* Frameworks */,
				8DF5EC0221F93D2E00A9773E /* CopyFiles */,
			);
			buildRules = (
			);
			dependencies = (
			);
			name = MentalCards;
			productName = MentalCards;
			productReference = 8DF5EC0421F93D2E00A9773E /* MentalCards */;
			productType = "com.apple.product-type.tool";
		};
/* End PBXNativeTarget section */

/* Begin PBXProject section */
		8DF5EBFC21F93D2E00A9773E /* Project object */ = {
			isa = PBXProject;
			attributes = {
				LastUpgradeCheck = 1010;
				ORGANIZATIONNAME = hoshi;
				TargetAttributes = {
					8DF5EC0321F93D2E00A9773E = {
						CreatedOnToolsVersion = 10.1;
					};
				};
			};
			buildConfigurationList = 8DF5EBFF21F93D2E00A9773E /* Build configuration list for PBXProject "MentalCards" */;
			compatibilityVersion = "Xcode 9.3";
			developmentRegion = en;
			hasScannedForEncodings = 0;
			knownRegions = (
				en,
			);
			mainGroup = 8DF5EBFB21F93D2E00A9773E;
			productRefGroup = 8DF5EC0521F93D2E00A9773E /* Products */;
			projectDirPath = "";
			projectRoot = "";
			targets = (
				8DF5EC0321F93D2E00A9773E /* MentalCards */,
			);
		};
/* End PBXProject section */

/* Begin PBXSourcesBuildPhase section */
		8DF5EC0021F93D2E00A9773E /* Sources */ = {
			isa = PBXSourcesBuildPhase;
			buildActionMask = 2147483647;
			files = (
				8DD7206822833A5500DCAFFE /* tc.cpp in Sources */,
				8DD7205B2267A9A300DCAFFE /* server.cpp in Sources */,
				8D32B9A42201E69100B46CAB /* Factory.cpp in Sources */,
				8DD720602271F78A00DCAFFE /* bbs.cpp in Sources */,
				8DB9E718228C086700D6E22B /* verifier2.cpp in Sources */,
				8DD7205D2267A9B500DCAFFE /* client.cpp in Sources */,
				8DB9E715228C084A00D6E22B /* prover2.cpp in Sources */,
				8DF5EC0821F93D2E00A9773E /* main.cpp in Sources */,
			);
			runOnlyForDeploymentPostprocessing = 0;
		};
/* End PBXSourcesBuildPhase section */

/* Begin XCBuildConfiguration section */
		8DF5EC0921F93D2E00A9773E /* Debug */ = {
			isa = XCBuildConfiguration;
			buildSettings = {
				ALWAYS_SEARCH_USER_PATHS = NO;
				CLANG_ANALYZER_NONNULL = YES;
				CLANG_ANALYZER_NUMBER_OBJECT_CONVERSION = YES_AGGRESSIVE;
				CLANG_CXX_LANGUAGE_STANDARD = "gnu++14";
				CLANG_CXX_LIBRARY = "libc++";
				CLANG_ENABLE_MODULES = YES;
				CLANG_ENABLE_OBJC_ARC = YES;
				CLANG_ENABLE_OBJC_WEAK = YES;
				CLANG_WARN_BLOCK_CAPTURE_AUTORELEASING = YES;
				CLANG_WARN_BOOL_CONVERSION = YES;
				CLANG_WARN_COMMA = YES;
				CLANG_WARN_CONSTANT_CONVERSION = YES;
				CLANG_WARN_DEPRECATED_OBJC_IMPLEMENTATIONS = YES;
				CLANG_WARN_DIRECT_OBJC_ISA_USAGE = YES_ERROR;
				CLANG_WARN_DOCUMENTATION_COMMENTS = YES;
				CLANG_WARN_EMPTY_BODY = YES;
				CLANG_WARN_ENUM_CONVERSION = YES;
				CLANG_WARN_INFINITE_RECURSION = YES;
				CLANG_WARN_INT_CONVERSION = YES;
				CLANG_WARN_NON_LITERAL_NULL_CONVERSION = YES;
				CLANG_WARN_OBJC_IMPLICIT_RETAIN_SELF = YES;
				CLANG_WARN_OBJC_LITERAL_CONVERSION = YES;
				CLANG_WARN_OBJC_ROOT_CLASS = YES_ERROR;
				CLANG_WARN_RANGE_LOOP_ANALYSIS = YES;
				CLANG_WARN_STRICT_PROTOTYPES = YES;
				CLANG_WARN_SUSPICIOUS_MOVE = YES;
				CLANG_WARN_UNGUARDED_AVAILABILITY = YES_AGGRESSIVE;
				CLANG_WARN_UNREACHABLE_CODE = YES;
				CLANG_WARN__DUPLICATE_METHOD_MATCH = YES;
				CODE_SIGN_IDENTITY = "-";
				COPY_PHASE_STRIP = NO;
				DEBUG_INFORMATION_FORMAT = dwarf;
				ENABLE_STRICT_OBJC_MSGSEND = YES;
				ENABLE_TESTABILITY = YES;
				GCC_C_LANGUAGE_STANDARD = gnu11;
				GCC_DYNAMIC_NO_PIC = NO;
				GCC_NO_COMMON_BLOCKS = YES;
				GCC_OPTIMIZATION_LEVEL = 0;
				GCC_PREPROCESSOR_DEFINITIONS = (
					"DEBUG=1",
					"$(inherited)",
				);
				GCC_WARN_64_TO_32_BIT_CONVERSION = YES;
				GCC_WARN_ABOUT_RETURN_TYPE = YES_ERROR;
				GCC_WARN_UNDECLARED_SELECTOR = YES;
				GCC_WARN_UNINITIALIZED_AUTOS = YES_AGGRESSIVE;
				GCC_WARN_UNUSED_FUNCTION = YES;
				GCC_WARN_UNUSED_VARIABLE = YES;
				MACOSX_DEPLOYMENT_TARGET = 10.14;
				MTL_ENABLE_DEBUG_INFO = INCLUDE_SOURCE;
				MTL_FAST_MATH = YES;
				ONLY_ACTIVE_ARCH = YES;
				SDKROOT = macosx;
			};
			name = Debug;
		};
		8DF5EC0A21F93D2E00A9773E /* Release */ = {
			isa = XCBuildConfiguration;
			buildSettings = {
				ALWAYS_SEARCH_USER_PATHS = NO;
				CLANG_ANALYZER_NONNULL = YES;
				CLANG_ANALYZER_NUMBER_OBJECT_CONVERSION = YES_AGGRESSIVE;
				CLANG_CXX_LANGUAGE_STANDARD = "gnu++14";
				CLANG_CXX_LIBRARY = "libc++";
				CLANG_ENABLE_MODULES = YES;
				CLANG_ENABLE_OBJC_ARC = YES;
				CLANG_ENABLE_OBJC_WEAK = YES;
				CLANG_WARN_BLOCK_CAPTURE_AUTORELEASING = YES;
				CLANG_WARN_BOOL_CONVERSION = YES;
				CLANG_WARN_COMMA = YES;
				CLANG_WARN_CONSTANT_CONVERSION = YES;
				CLANG_WARN_DEPRECATED_OBJC_IMPLEMENTATIONS = YES;
				CLANG_WARN_DIRECT_OBJC_ISA_USAGE = YES_ERROR;
				CLANG_WARN_DOCUMENTATION_COMMENTS = YES;
				CLANG_WARN_EMPTY_BODY = YES;
				CLANG_WARN_ENUM_CONVERSION = YES;
				CLANG_WARN_INFINITE_RECURSION = YES;
				CLANG_WARN_INT_CONVERSION = YES;
				CLANG_WARN_NON_LITERAL_NULL_CONVERSION = YES;
				CLANG_WARN_OBJC_IMPLICIT_RETAIN_SELF = YES;
				CLANG_WARN_OBJC_LITERAL_CONVERSION = YES;
				CLANG_WARN_OBJC_ROOT_CLASS = YES_ERROR;
				CLANG_WARN_RANGE_LOOP_ANALYSIS = YES;
				CLANG_WARN_STRICT_PROTOTYPES = YES;
				CLANG_WARN_SUSPICIOUS_MOVE = YES;
				CLANG_WARN_UNGUARDED_AVAILABILITY = YES_AGGRESSIVE;
				CLANG_WARN_UNREACHABLE_CODE = YES;
				CLANG_WARN__DUPLICATE_METHOD_MATCH = YES;
				CODE_SIGN_IDENTITY = "-";
				COPY_PHASE_STRIP = NO;
				DEBUG_INFORMATION_FORMAT = "dwarf-with-dsym";
				ENABLE_NS_ASSERTIONS = NO;
				ENABLE_STRICT_OBJC_MSGSEND = YES;
				GCC_C_LANGUAGE_STANDARD = gnu11;
				GCC_NO_COMMON_BLOCKS = YES;
				GCC_WARN_64_TO_32_BIT_CONVERSION = YES;
				GCC_WARN_ABOUT_RETURN_TYPE = YES_ERROR;
				GCC_WARN_UNDECLARED_SELECTOR = YES;
				GCC_WARN_UNINITIALIZED_AUTOS = YES_AGGRESSIVE;
				GCC_WARN_UNUSED_FUNCTION = YES;
				GCC_WARN_UNUSED_VARIABLE = YES;
				MACOSX_DEPLOYMENT_TARGET = 10.14;
				MTL_ENABLE_DEBUG_INFO = NO;
				MTL_FAST_MATH = YES;
				SDKROOT = macosx;
			};
			name = Release;
		};
		8DF5EC0C21F93D2E00A9773E /* Debug */ = {
			isa = XCBuildConfiguration;
			buildSettings = {
				CODE_SIGN_STYLE = Automatic;
				"HEADER_SEARCH_PATHS[arch=*]" = /usr/local/Cellar/gmp/6.1.2_2/include;
				LIBRARY_SEARCH_PATHS = (
					"$(inherited)",
					/usr/local/Cellar/gmp/6.1.2_2/lib,
				);
				"LIBRARY_SEARCH_PATHS[arch=*]" = "/usr/local/Cellar/gmp/6.1.2_2/**";
				PRODUCT_NAME = "$(TARGET_NAME)";
			};
			name = Debug;
		};
		8DF5EC0D21F93D2E00A9773E /* Release */ = {
			isa = XCBuildConfiguration;
			buildSettings = {
				CODE_SIGN_STYLE = Automatic;
				"HEADER_SEARCH_PATHS[arch=*]" = /usr/local/Cellar/gmp/6.1.2_2/include;
				LIBRARY_SEARCH_PATHS = (
					"$(inherited)",
					/usr/local/Cellar/gmp/6.1.2_2/lib,
				);
				"LIBRARY_SEARCH_PATHS[arch=*]" = "/usr/local/Cellar/gmp/6.1.2_2/**";
				PRODUCT_NAME = "$(TARGET_NAME)";
			};
			name = Release;
		};
/* End XCBuildConfiguration section */

/* Begin XCConfigurationList section */
		8DF5EBFF21F93D2E00A9773E /* Build configuration list for PBXProject "MentalCards" */ = {
			isa = XCConfigurationList;
			buildConfigurations = (
				8DF5EC0921F93D2E00A9773E /* Debug */,
				8DF5EC0A21F93D2E00A9773E /* Release */,
			);
			defaultConfigurationIsVisible = 0;
			defaultConfigurationName = Release;
		};
		8DF5EC0B21F93D2E00A9773E /* Build configuration list for PBXNativeTarget "MentalCards" */ = {
			isa = XCConfigurationList;
			buildConfigurations = (
				8DF5EC0C21F93D2E00A9773E /* Debug */,
				8DF5EC0D21F93D2E00A9773E /* Release */,
			);
			defaultConfigurationIsVisible = 0;
			defaultConfigurationName = Release;
		};
/* End XCConfigurationList section */
	};
	rootObject = 8DF5EBFC21F93D2E00A9773E /* Project object */;
}
